
Microsoft Visual Studio Solution File, Format Version 12.00
# Visual Studio Version 17
VisualStudioVersion = 17.10.34928.147
MinimumVisualStudioVersion = 10.0.40219.1
Project("{FAE04EC0-301F-11D3-BF4B-00C04F79EFBC}") = "GoodNightPC.UI", "GoodNightPC.UI\GoodNightPC.UI.csproj", "{E9F4A7DD-0EF6-4C1B-BCD4-E4B80EBC12A8}"
EndProject
Project("{FAE04EC0-301F-11D3-BF4B-00C04F79EFBC}") = "GoodNightPC.Business", "GoodNightPC.Business\GoodNightPC.Business.csproj", "{67F94B79-8045-4707-8F80-981ED2F211EE}"
EndProject
Global
	GlobalSection(SolutionConfigurationPlatforms) = preSolution
		Debug|Any CPU = Debug|Any CPU
		Release|Any CPU = Release|Any CPU
	EndGlobalSection
	GlobalSection(ProjectConfigurationPlatforms) = postSolution
		{E9F4A7DD-0EF6-4C1B-BCD4-E4B80EBC12A8}.Debug|Any CPU.ActiveCfg = Debug|Any CPU
		{E9F4A7DD-0EF6-4C1B-BCD4-E4B80EBC12A8}.Debug|Any CPU.Build.0 = Debug|Any CPU
		{E9F4A7DD-0EF6-4C1B-BCD4-E4B80EBC12A8}.Release|Any CPU.ActiveCfg = Release|Any CPU
		{E9F4A7DD-0EF6-4C1B-BCD4-E4B80EBC12A8}.Release|Any CPU.Build.0 = Release|Any CPU
		{67F94B79-8045-4707-8F80-981ED2F211EE}.Debug|Any CPU.ActiveCfg = Debug|Any CPU
		{67F94B79-8045-4707-8F80-981ED2F211EE}.Debug|Any CPU.Build.0 = Debug|Any CPU
		{67F94B79-8045-4707-8F80-981ED2F211EE}.Release|Any CPU.ActiveCfg = Release|Any CPU
		{67F94B79-8045-4707-8F80-981ED2F211EE}.Release|Any CPU.Build.0 = Release|Any CPU
	EndGlobalSection
	GlobalSection(SolutionProperties) = preSolution
		HideSolutionNode = FALSE
	EndGlobalSection
	GlobalSection(ExtensibilityGlobals) = postSolution
		SolutionGuid = {2C7AEE3D-8D70-4018-B468-6703ABE8237B}
	EndGlobalSection
EndGlobal
